{
  "name": "lights",
  "version": "1.0.0",
  "lockfileVersion": 1,
  "requires": true,
  "dependencies": {
    "e131": {
      "version": "1.1.1",
      "resolved": "https://registry.npmjs.org/e131/-/e131-1.1.1.tgz",
      "integrity": "sha1-kdeodK1SwSMKVXZV5AolNjVXZv4="
    },
    "hsv-rgb": {
      "version": "1.0.0",
      "resolved": "https://registry.npmjs.org/hsv-rgb/-/hsv-rgb-1.0.0.tgz",
      "integrity": "sha1-jhNyfCfKnVt91v44Or0JypILoJo="
    },
    "q": {
      "version": "1.5.1",
      "resolved": "https://registry.npmjs.org/q/-/q-1.5.1.tgz",
      "integrity": "sha1-fjL3W0E4EpHQRhHxvxQQmsAGUdc="
    },
    "rpi-433": {
      "version": "git+https://github.com/gschmidt/rpi-433.git#1932b1ff84bf24a345876fd9da4bf1caedcf92ea",
      "from": "git+https://github.com/gschmidt/rpi-433.git",
      "requires": {
        "q": "^1.4.1",
        "underscore": "^1.8.3"
      }
    },
    "underscore": {
      "version": "1.9.1",
      "resolved": "https://registry.npmjs.org/underscore/-/underscore-1.9.1.tgz",
      "integrity": "sha512-5/4etnCkd9c8gwgowi5/om/mYO5ajCaOgdzj/oW+0eQV9WxKBDZw5+ycmKmeaTXjInS/W0BzpGLo2xR2aBwZdg=="
    }
  }
}
